
Microsoft Visual Studio Solution File, Format Version 12.00
# Visual Studio Version 16
VisualStudioVersion = 16.0.29728.190
MinimumVisualStudioVersion = 10.0.40219.1
Project("{9A19103F-16F7-4668-BE54-9A1E7A4F7556}") = "TCP-Server", "TCP-Server\TCP-Server.csproj", "{64957615-A9C8-43D8-8E79-5484711BD7F2}"
EndProject
Project("{FAE04EC0-301F-11D3-BF4B-00C04F79EFBC}") = "Book", "Book\Book.csproj", "{ED8C85F6-8011-4C19-A406-5647ECD9671A}"
EndProject
Global
	GlobalSection(SolutionConfigurationPlatforms) = preSolution
		Debug|Any CPU = Debug|Any CPU
		Release|Any CPU = Release|Any CPU
	EndGlobalSection
	GlobalSection(ProjectConfigurationPlatforms) = postSolution
		{64957615-A9C8-43D8-8E79-5484711BD7F2}.Debug|Any CPU.ActiveCfg = Debug|Any CPU
		{64957615-A9C8-43D8-8E79-5484711BD7F2}.Debug|Any CPU.Build.0 = Debug|Any CPU
		{64957615-A9C8-43D8-8E79-5484711BD7F2}.Release|Any CPU.ActiveCfg = Release|Any CPU
		{64957615-A9C8-43D8-8E79-5484711BD7F2}.Release|Any CPU.Build.0 = Release|Any CPU
		{ED8C85F6-8011-4C19-A406-5647ECD9671A}.Debug|Any CPU.ActiveCfg = Debug|Any CPU
		{ED8C85F6-8011-4C19-A406-5647ECD9671A}.Debug|Any CPU.Build.0 = Debug|Any CPU
		{ED8C85F6-8011-4C19-A406-5647ECD9671A}.Release|Any CPU.ActiveCfg = Release|Any CPU
		{ED8C85F6-8011-4C19-A406-5647ECD9671A}.Release|Any CPU.Build.0 = Release|Any CPU
	EndGlobalSection
	GlobalSection(SolutionProperties) = preSolution
		HideSolutionNode = FALSE
	EndGlobalSection
	GlobalSection(ExtensibilityGlobals) = postSolution
		SolutionGuid = {D0782949-3B66-4986-9D88-52BCD57C07DC}
	EndGlobalSection
EndGlobal
